# THIS IS AN AUTOGENERATED FILE. DO NOT EDIT THIS FILE DIRECTLY.
# yarn lockfile v1


"@graphile-contrib/pg-many-to-many@^1.0.0":
  version "1.0.0"
  resolved "https://registry.yarnpkg.com/@graphile-contrib/pg-many-to-many/-/pg-many-to-many-1.0.0.tgz#93f12f9d68724523bef1c833ea24e9f646c257af"
  integrity sha512-y8DiptnJBDW8mrI9btQi/q/nYVYxG92P5QGBsKW6WdYiSKLvrhnnnqm0Qi2VrWIiRVxj22v0NKRmvZ8c6EIiZg==

"@graphile-contrib/pg-simplify-inflector@^6.0.0":
  version "6.1.0"
  resolved "https://registry.yarnpkg.com/@graphile-contrib/pg-simplify-inflector/-/pg-simplify-inflector-6.1.0.tgz#5ecb842bd43af4d3ffdfcd25b1e7c452374f7440"
  integrity sha512-3eI2FP4ulu/fxwkJBNXhR6XEzqVz4wJWFr4LfeyUNNArUtLFx0DpP6YdcARCYgwLExFcIQNE8fnul3JKiciYIw==

"@graphile/pg-pubsub@^4.9.0":
  version "4.9.0"
  resolved "https://registry.yarnpkg.com/@graphile/pg-pubsub/-/pg-pubsub-4.9.0.tgz#c603caa2d43886226d6773fa4fecfcb35a2ef27a"
  integrity sha512-JK1RoBiOH2V7fQ5XjSKLtFqYZxQgDBa8eq1wxj/VX1lceyyGRU9qMBpAKUql44Rnx3qvgQ2aaadFDcvMi5fVOg==
  dependencies:
    "@types/debug" "^4.1.4"
    "@types/pg" "^7.4.14"
    debug "^4.1.1"
    graphql-subscriptions "^1.1.0"
    tslib "^2.0.1"

"@graphile/postgis@^0.1.0":
  version "0.1.0"
  resolved "https://registry.yarnpkg.com/@graphile/postgis/-/postgis-0.1.0.tgz#de87bf9a3742decc86841e7e00ddda89f868a929"
  integrity sha512-67lTNvyTnng2oPU9OoA1NRvbAvS/zyTGQIK+d77OFhNi41NHNZynNVRZ+R/UpotcWVQL6rAmo2w8EkI1o4xfAg==
  dependencies:
    "@types/debug" "^4.1.2"
    "@types/graphql" "^14.0.7"
    debug "^4.1.1"
    tslib "^1.9.3"

"@types/debug@^4.1.2", "@types/debug@^4.1.4":
  version "4.1.5"
  resolved "https://registry.yarnpkg.com/@types/debug/-/debug-4.1.5.tgz#b14efa8852b7768d898906613c23f688713e02cd"
  integrity sha512-Q1y515GcOdTHgagaVFhHnIFQ38ygs/kmxdNpvpou+raI9UO3YZcHDngBSYKQklcKlvA7iuQlmIKbzvmxcOE9CQ==

"@types/graphql@^14.0.7":
  version "14.5.0"
  resolved "https://registry.yarnpkg.com/@types/graphql/-/graphql-14.5.0.tgz#a545fb3bc8013a3547cf2f07f5e13a33642b75d6"
  integrity sha512-MOkzsEp1Jk5bXuAsHsUi6BVv0zCO+7/2PTiZMXWDSsMXvNU6w/PLMQT2vHn8hy2i0JqojPz1Sz6rsFjHtsU0lA==
  dependencies:
    graphql "*"

"@types/node@*":
  version "14.14.6"
  resolved "https://registry.yarnpkg.com/@types/node/-/node-14.14.6.tgz#146d3da57b3c636cc0d1769396ce1cfa8991147f"
  integrity sha512-6QlRuqsQ/Ox/aJEQWBEJG7A9+u7oSYl3mem/K8IzxXG/kAGbV1YPD9Bg9Zw3vyxC/YP+zONKwy8hGkSt1jxFMw==

"@types/pg-types@*":
  version "1.11.5"
  resolved "https://registry.yarnpkg.com/@types/pg-types/-/pg-types-1.11.5.tgz#1eebbe62b6772fcc75c18957a90f933d155e005b"
  integrity sha512-L8ogeT6vDzT1vxlW3KITTCt+BVXXVkLXfZ/XNm6UqbcJgxf+KPO7yjWx7dQQE8RW07KopL10x2gNMs41+IkMGQ==

"@types/pg@^7.4.14":
  version "7.14.5"
  resolved "https://registry.yarnpkg.com/@types/pg/-/pg-7.14.5.tgz#07638c7aa69061abe4be31267028cc5c3fc35f98"
  integrity sha512-wqTKZmqkqXd1YiVRBT2poRrMIojwEi2bKTAAjUX6nEbzr98jc3cfR/7o7ZtubhH5xT7YJ6LRdRr1GZOgs8OUjg==
  dependencies:
    "@types/node" "*"
    "@types/pg-types" "*"

debug@^4.1.1:
  version "4.2.0"
  resolved "https://registry.yarnpkg.com/debug/-/debug-4.2.0.tgz#7f150f93920e94c58f5574c2fd01a3110effe7f1"
  integrity sha512-IX2ncY78vDTjZMFUdmsvIRFY2Cf4FnD0wRs+nQwJU8Lu99/tPFdb0VybiiMTPe3I6rQmwsqQqRBvxU+bZ/I8sg==
  dependencies:
    ms "2.1.2"

graphql-subscriptions@^1.1.0:
  version "1.1.0"
  resolved "https://registry.yarnpkg.com/graphql-subscriptions/-/graphql-subscriptions-1.1.0.tgz#5f2fa4233eda44cf7570526adfcf3c16937aef11"
  integrity sha512-6WzlBFC0lWmXJbIVE8OgFgXIP4RJi3OQgTPa0DVMsDXdpRDjTsM1K9wfl5HSYX7R87QAGlvcv2Y4BIZa/ItonA==
  dependencies:
    iterall "^1.2.1"

graphql@*:
  version "15.4.0"
  resolved "https://registry.yarnpkg.com/graphql/-/graphql-15.4.0.tgz#e459dea1150da5a106486ba7276518b5295a4347"
  integrity sha512-EB3zgGchcabbsU9cFe1j+yxdzKQKAbGUWRb13DsrsMN1yyfmmIq+2+L5MqVWcDCE4V89R5AyUOi7sMOGxdsYtA==

iterall@^1.2.1:
  version "1.3.0"
  resolved "https://registry.yarnpkg.com/iterall/-/iterall-1.3.0.tgz#afcb08492e2915cbd8a0884eb93a8c94d0d72fea"
  integrity sha512-QZ9qOMdF+QLHxy1QIpUHUU1D5pS2CG2P69LF6L6CPjPYA/XMOmKV3PZpawHoAjHNyB0swdVTRxdYT4tbBbxqwg==

ms@2.1.2:
  version "2.1.2"
  resolved "https://registry.yarnpkg.com/ms/-/ms-2.1.2.tgz#d09d1f357b443f493382a8eb3ccd183872ae6009"
  integrity sha512-sGkPx+VjMtmA6MX27oA4FBFELFCZZ4S4XqeGOXCv68tT+jb3vk/RyaKWP0PTKyWtmLSM0b+adUTEvbs1PEaH2w==

postgraphile-plugin-connection-filter@^2.0.0:
  version "2.1.0"
  resolved "https://registry.yarnpkg.com/postgraphile-plugin-connection-filter/-/postgraphile-plugin-connection-filter-2.1.0.tgz#6ebe47b177b7b6de8b32f65973f85d42419018e9"
  integrity sha512-/knSX5JFVVDrRrrblaU4KEGwobfvVfW3WvelfB4meewV/io17jl+lYWiiAX5O0b9PLGJfW5grIfia4dtJt72fg==

tslib@^1.9.3:
  version "1.14.1"
  resolved "https://registry.yarnpkg.com/tslib/-/tslib-1.14.1.tgz#cf2d38bdc34a134bcaf1091c41f6619e2f672d00"
  integrity sha512-Xni35NKzjgMrwevysHTCArtLDpPvye8zV/0E4EyYn43P7/7qvQwPh9BGkHewbMulVntbigmcT7rdX3BNo9wRJg==

tslib@^2.0.1:
  version "2.0.3"
  resolved "https://registry.yarnpkg.com/tslib/-/tslib-2.0.3.tgz#8e0741ac45fc0c226e58a17bfc3e64b9bc6ca61c"
  integrity sha512-uZtkfKblCEQtZKBF6EBXVZeQNl82yqtDQdv+eck8u7tdPxjLu2/lp5/uPW+um2tpuxINHWy3GhiccY7QgEaVHQ==
